// !$*UTF8*$!
{
	archiveVersion = 1;
	classes = {
	};
	objectVersion = 55;
	objects = {

/* Begin PBXBuildFile section */
		6A6513F92702E7620054752E /* AppDelegate.swift in Sources */ = {isa = PBXBuildFile; fileRef = 6A6513F82702E7620054752E /* AppDelegate.swift */; };
		6A6513FB2702E7620054752E /* SceneDelegate.swift in Sources */ = {isa = PBXBuildFile; fileRef = 6A6513FA2702E7620054752E /* SceneDelegate.swift */; };
		6A6513FD2702E7620054752E /* ViewController.swift in Sources */ = {isa = PBXBuildFile; fileRef = 6A6513FC2702E7620054752E /* ViewController.swift */; };
		6A6514002702E7620054752E /* Main.storyboard in Resources */ = {isa = PBXBuildFile; fileRef = 6A6513FE2702E7620054752E /* Main.storyboard */; };
		6A6514032702E7620054752E /* CollectionViewTest.xcdatamodeld in Sources */ = {isa = PBXBuildFile; fileRef = 6A6514012702E7620054752E /* CollectionViewTest.xcdatamodeld */; };
		6A6514052702E76C0054752E /* Assets.xcassets in Resources */ = {isa = PBXBuildFile; fileRef = 6A6514042702E76C0054752E /* Assets.xcassets */; };
		6A6514082702E76C0054752E /* LaunchScreen.storyboard in Resources */ = {isa = PBXBuildFile; fileRef = 6A6514062702E76C0054752E /* LaunchScreen.storyboard */; };
		6A6514132702E76D0054752E /* CollectionViewTestTests.swift in Sources */ = {isa = PBXBuildFile; fileRef = 6A6514122702E76D0054752E /* CollectionViewTestTests.swift */; };
		6A65141D2702E76D0054752E /* CollectionViewTestUITests.swift in Sources */ = {isa = PBXBuildFile; fileRef = 6A65141C2702E76D0054752E /* CollectionViewTestUITests.swift */; };
		6A65141F2702E76D0054752E /* CollectionViewTestUITestsLaunchTests.swift in Sources */ = {isa = PBXBuildFile; fileRef = 6A65141E2702E76D0054752E /* CollectionViewTestUITestsLaunchTests.swift */; };
		6A65142C2702E8290054752E /* MyCVC.swift in Sources */ = {isa = PBXBuildFile; fileRef = 6A65142B2702E8290054752E /* MyCVC.swift */; };
/* End PBXBuildFile section */

/* Begin PBXContainerItemProxy section */
		6A65140F2702E76D0054752E /* PBXContainerItemProxy */ = {
			isa = PBXContainerItemProxy;
			containerPortal = 6A6513ED2702E7620054752E /* Project object */;
			proxyType = 1;
			remoteGlobalIDString = 6A6513F42702E7620054752E;
			remoteInfo = CollectionViewTest;
		};
		6A6514192702E76D0054752E /* PBXContainerItemProxy */ = {
			isa = PBXContainerItemProxy;
			containerPortal = 6A6513ED2702E7620054752E /* Project object */;
			proxyType = 1;
			remoteGlobalIDString = 6A6513F42702E7620054752E;
			remoteInfo = CollectionViewTest;
		};
/* End PBXContainerItemProxy section */

/* Begin PBXFileReference section */
		6A6513F52702E7620054752E /* CollectionViewTest.app */ = {isa = PBXFileReference; explicitFileType = wrapper.application; includeInIndex = 0; path = CollectionViewTest.app; sourceTree = BUILT_PRODUCTS_DIR; };
		6A6513F82702E7620054752E /* AppDelegate.swift */ = {isa = PBXFileReference; lastKnownFileType = sourcecode.swift; path = AppDelegate.swift; sourceTree = "<group>"; };
		6A6513FA2702E7620054752E /* SceneDelegate.swift */ = {isa = PBXFileReference; lastKnownFileType = sourcecode.swift; path = SceneDelegate.swift; sourceTree = "<group>"; };
		6A6513FC2702E7620054752E /* ViewController.swift */ = {isa = PBXFileReference; lastKnownFileType = sourcecode.swift; path = ViewController.swift; sourceTree = "<group>"; };
		6A6513FF2702E7620054752E /* Base */ = {isa = PBXFileReference; lastKnownFileType = file.storyboard; name = Base; path = Base.lproj/Main.storyboard; sourceTree = "<group>"; };
		6A6514022702E7620054752E /* CollectionViewTest.xcdatamodel */ = {isa = PBXFileReference; lastKnownFileType = wrapper.xcdatamodel; path = CollectionViewTest.xcdatamodel; sourceTree = "<group>"; };
		6A6514042702E76C0054752E /* Assets.xcassets */ = {isa = PBXFileReference; lastKnownFileType = folder.assetcatalog; path = Assets.xcassets; sourceTree = "<group>"; };
		6A6514072702E76C0054752E /* Base */ = {isa = PBXFileReference; lastKnownFileType = file.storyboard; name = Base; path = Base.lproj/LaunchScreen.storyboard; sourceTree = "<group>"; };
		6A6514092702E76C0054752E /* Info.plist */ = {isa = PBXFileReference; lastKnownFileType = text.plist.xml; path = Info.plist; sourceTree = "<group>"; };
		6A65140E2702E76D0054752E /* CollectionViewTestTests.xctest */ = {isa = PBXFileReference; explicitFileType = wrapper.cfbundle; includeInIndex = 0; path = CollectionViewTestTests.xctest; sourceTree = BUILT_PRODUCTS_DIR; };
		6A6514122702E76D0054752E /* CollectionViewTestTests.swift */ = {isa = PBXFileReference; lastKnownFileType = sourcecode.swift; path = CollectionViewTestTests.swift; sourceTree = "<group>"; };
		6A6514182702E76D0054752E /* CollectionViewTestUITests.xctest */ = {isa = PBXFileReference; explicitFileType = wrapper.cfbundle; includeInIndex = 0; path = CollectionViewTestUITests.xctest; sourceTree = BUILT_PRODUCTS_DIR; };
		6A65141C2702E76D0054752E /* CollectionViewTestUITests.swift */ = {isa = PBXFileReference; lastKnownFileType = sourcecode.swift; path = CollectionViewTestUITests.swift; sourceTree = "<group>"; };
		6A65141E2702E76D0054752E /* CollectionViewTestUITestsLaunchTests.swift */ = {isa = PBXFileReference; lastKnownFileType = sourcecode.swift; path = CollectionViewTestUITestsLaunchTests.swift; sourceTree = "<group>"; };
		6A65142B2702E8290054752E /* MyCVC.swift */ = {isa = PBXFileReference; lastKnownFileType = sourcecode.swift; path = MyCVC.swift; sourceTree = "<group>"; };
/* End PBXFileReference section */

/* Begin PBXFrameworksBuildPhase section */
		6A6513F22702E7620054752E /* Frameworks */ = {
			isa = PBXFrameworksBuildPhase;
			buildActionMask = 2147483647;
			files = (
			);
			runOnlyForDeploymentPostprocessing = 0;
		};
		6A65140B2702E76D0054752E /* Frameworks */ = {
			isa = PBXFrameworksBuildPhase;
			buildActionMask = 2147483647;
			files = (
			);
			runOnlyForDeploymentPostprocessing = 0;
		};
		6A6514152702E76D0054752E /* Frameworks */ = {
			isa = PBXFrameworksBuildPhase;
			buildActionMask = 2147483647;
			files = (
			);
			runOnlyForDeploymentPostprocessing = 0;
		};
/* End PBXFrameworksBuildPhase section */

/* Begin PBXGroup section */
		6A6513EC2702E7620054752E = {
			isa = PBXGroup;
			children = (
				6A6513F72702E7620054752E /* CollectionViewTest */,
				6A6514112702E76D0054752E /* CollectionViewTestTests */,
				6A65141B2702E76D0054752E /* CollectionViewTestUITests */,
				6A6513F62702E7620054752E /* Products */,
			);
			sourceTree = "<group>";
		};
		6A6513F62702E7620054752E /* Products */ = {
			isa = PBXGroup;
			children = (
				6A6513F52702E7620054752E /* CollectionViewTest.app */,
				6A65140E2702E76D0054752E /* CollectionViewTestTests.xctest */,
				6A6514182702E76D0054752E /* CollectionViewTestUITests.xctest */,
			);
			name = Products;
			sourceTree = "<group>";
		};
		6A6513F72702E7620054752E /* CollectionViewTest */ = {
			isa = PBXGroup;
			children = (
				6A6513F82702E7620054752E /* AppDelegate.swift */,
				6A6513FA2702E7620054752E /* SceneDelegate.swift */,
				6A6513FC2702E7620054752E /* ViewController.swift */,
				6A65142B2702E8290054752E /* MyCVC.swift */,
				6A6513FE2702E7620054752E /* Main.storyboard */,
				6A6514042702E76C0054752E /* Assets.xcassets */,
				6A6514062702E76C0054752E /* LaunchScreen.storyboard */,
				6A6514092702E76C0054752E /* Info.plist */,
				6A6514012702E7620054752E /* CollectionViewTest.xcdatamodeld */,
			);
			path = CollectionViewTest;
			sourceTree = "<group>";
		};
		6A6514112702E76D0054752E /* CollectionViewTestTests */ = {
			isa = PBXGroup;
			children = (
				6A6514122702E76D0054752E /* CollectionViewTestTests.swift */,
			);
			path = CollectionViewTestTests;
			sourceTree = "<group>";
		};
		6A65141B2702E76D0054752E /* CollectionViewTestUITests */ = {
			isa = PBXGroup;
			children = (
				6A65141C2702E76D0054752E /* CollectionViewTestUITests.swift */,
				6A65141E2702E76D0054752E /* CollectionViewTestUITestsLaunchTests.swift */,
			);
			path = CollectionViewTestUITests;
			sourceTree = "<group>";
		};
/* End PBXGroup section */

/* Begin PBXNativeTarget section */
		6A6513F42702E7620054752E /* CollectionViewTest */ = {
			isa = PBXNativeTarget;
			buildConfigurationList = 6A6514222702E76D0054752E /* Build configuration list for PBXNativeTarget "CollectionViewTest" */;
			buildPhases = (
				6A6513F12702E7620054752E /* Sources */,
				6A6513F22702E7620054752E /* Frameworks */,
				6A6513F32702E7620054752E /* Resources */,
			);
			buildRules = (
			);
			dependencies = (
			);
			name = CollectionViewTest;
			productName = CollectionViewTest;
			productReference = 6A6513F52702E7620054752E /* CollectionViewTest.app */;
			productType = "com.apple.product-type.application";
		};
		6A65140D2702E76D0054752E /* CollectionViewTestTests */ = {
			isa = PBXNativeTarget;
			buildConfigurationList = 6A6514252702E76D0054752E /* Build configuration list for PBXNativeTarget "CollectionViewTestTests" */;
			buildPhases = (
				6A65140A2702E76D0054752E /* Sources */,
				6A65140B2702E76D0054752E /* Frameworks */,
				6A65140C2702E76D0054752E /* Resources */,
			);
			buildRules = (
			);
			dependencies = (
				6A6514102702E76D0054752E /* PBXTargetDependency */,
			);
			name = CollectionViewTestTests;
			productName = CollectionViewTestTests;
			productReference = 6A65140E2702E76D0054752E /* CollectionViewTestTests.xctest */;
			productType = "com.apple.product-type.bundle.unit-test";
		};
		6A6514172702E76D0054752E /* CollectionViewTestUITests */ = {
			isa = PBXNativeTarget;
			buildConfigurationList = 6A6514282702E76D0054752E /* Build configuration list for PBXNativeTarget "CollectionViewTestUITests" */;
			buildPhases = (
				6A6514142702E76D0054752E /* Sources */,
				6A6514152702E76D0054752E /* Frameworks */,
				6A6514162702E76D0054752E /* Resources */,
			);
			buildRules = (
			);
			dependencies = (
				6A65141A2702E76D0054752E /* PBXTargetDependency */,
			);
			name = CollectionViewTestUITests;
			productName = CollectionViewTestUITests;
			productReference = 6A6514182702E76D0054752E /* CollectionViewTestUITests.xctest */;
			productType = "com.apple.product-type.bundle.ui-testing";
		};
/* End PBXNativeTarget section */

/* Begin PBXProject section */
		6A6513ED2702E7620054752E /* Project object */ = {
			isa = PBXProject;
			attributes = {
				BuildIndependentTargetsInParallel = 1;
				LastSwiftUpdateCheck = 1300;
				LastUpgradeCheck = 1300;
				TargetAttributes = {
					6A6513F42702E7620054752E = {
						CreatedOnToolsVersion = 13.0;
					};
					6A65140D2702E76D0054752E = {
						CreatedOnToolsVersion = 13.0;
						TestTargetID = 6A6513F42702E7620054752E;
					};
					6A6514172702E76D0054752E = {
						CreatedOnToolsVersion = 13.0;
						TestTargetID = 6A6513F42702E7620054752E;
					};
				};
			};
			buildConfigurationList = 6A6513F02702E7620054752E /* Build configuration list for PBXProject "CollectionViewTest" */;
			compatibilityVersion = "Xcode 13.0";
			developmentRegion = en;
			hasScannedForEncodings = 0;
			knownRegions = (
				en,
				Base,
			);
			mainGroup = 6A6513EC2702E7620054752E;
			productRefGroup = 6A6513F62702E7620054752E /* Products */;
			projectDirPath = "";
			projectRoot = "";
			targets = (
				6A6513F42702E7620054752E /* CollectionViewTest */,
				6A65140D2702E76D0054752E /* CollectionViewTestTests */,
				6A6514172702E76D0054752E /* CollectionViewTestUITests */,
			);
		};
/* End PBXProject section */

/* Begin PBXResourcesBuildPhase section */
		6A6513F32702E7620054752E /* Resources */ = {
			isa = PBXResourcesBuildPhase;
			buildActionMask = 2147483647;
			files = (
				6A6514082702E76C0054752E /* LaunchScreen.storyboard in Resources */,
				6A6514052702E76C0054752E /* Assets.xcassets in Resources */,
				6A6514002702E7620054752E /* Main.storyboard in Resources */,
			);
			runOnlyForDeploymentPostprocessing = 0;
		};
		6A65140C2702E76D0054752E /* Resources */ = {
			isa = PBXResourcesBuildPhase;
			buildActionMask = 2147483647;
			files = (
			);
			runOnlyForDeploymentPostprocessing = 0;
		};
		6A6514162702E76D0054752E /* Resources */ = {
			isa = PBXResourcesBuildPhase;
			buildActionMask = 2147483647;
			files = (
			);
			runOnlyForDeploymentPostprocessing = 0;
		};
/* End PBXResourcesBuildPhase section */

/* Begin PBXSourcesBuildPhase section */
		6A6513F12702E7620054752E /* Sources */ = {
			isa = PBXSourcesBuildPhase;
			buildActionMask = 2147483647;
			files = (
				6A6513FD2702E7620054752E /* ViewController.swift in Sources */,
				6A6513F92702E7620054752E /* AppDelegate.swift in Sources */,
				6A6514032702E7620054752E /* CollectionViewTest.xcdatamodeld in Sources */,
				6A65142C2702E8290054752E /* MyCVC.swift in Sources */,
				6A6513FB2702E7620054752E /* SceneDelegate.swift in Sources */,
			);
			runOnlyForDeploymentPostprocessing = 0;
		};
		6A65140A2702E76D0054752E /* Sources */ = {
			isa = PBXSourcesBuildPhase;
			buildActionMask = 2147483647;
			files = (
				6A6514132702E76D0054752E /* CollectionViewTestTests.swift in Sources */,
			);
			runOnlyForDeploymentPostprocessing = 0;
		};
		6A6514142702E76D0054752E /* Sources */ = {
			isa = PBXSourcesBuildPhase;
			buildActionMask = 2147483647;
			files = (
				6A65141D2702E76D0054752E /* CollectionViewTestUITests.swift in Sources */,
				6A65141F2702E76D0054752E /* CollectionViewTestUITestsLaunchTests.swift in Sources */,
			);
			runOnlyForDeploymentPostprocessing = 0;
		};
/* End PBXSourcesBuildPhase section */

/* Begin PBXTargetDependency section */
		6A6514102702E76D0054752E /* PBXTargetDependency */ = {
			isa = PBXTargetDependency;
			target = 6A6513F42702E7620054752E /* CollectionViewTest */;
			targetProxy = 6A65140F2702E76D0054752E /* PBXContainerItemProxy */;
		};
		6A65141A2702E76D0054752E /* PBXTargetDependency */ = {
			isa = PBXTargetDependency;
			target = 6A6513F42702E7620054752E /* CollectionViewTest */;
			targetProxy = 6A6514192702E76D0054752E /* PBXContainerItemProxy */;
		};
/* End PBXTargetDependency section */

/* Begin PBXVariantGroup section */
		6A6513FE2702E7620054752E /* Main.storyboard */ = {
			isa = PBXVariantGroup;
			children = (
				6A6513FF2702E7620054752E /* Base */,
			);
			name = Main.storyboard;
			sourceTree = "<group>";
		};
		6A6514062702E76C0054752E /* LaunchScreen.storyboard */ = {
			isa = PBXVariantGroup;
			children = (
				6A6514072702E76C0054752E /* Base */,
			);
			name = LaunchScreen.storyboard;
			sourceTree = "<group>";
		};
/* End PBXVariantGroup section */

/* Begin XCBuildConfiguration section */
		6A6514202702E76D0054752E /* Debug */ = {
			isa = XCBuildConfiguration;
			buildSettings = {
				ALWAYS_SEARCH_USER_PATHS = NO;
				CLANG_ANALYZER_NONNULL = YES;
				CLANG_ANALYZER_NUMBER_OBJECT_CONVERSION = YES_AGGRESSIVE;
				CLANG_CXX_LANGUAGE_STANDARD = "gnu++17";
				CLANG_CXX_LIBRARY = "libc++";
				CLANG_ENABLE_MODULES = YES;
				CLANG_ENABLE_OBJC_ARC = YES;
				CLANG_ENABLE_OBJC_WEAK = YES;
				CLANG_WARN_BLOCK_CAPTURE_AUTORELEASING = YES;
				CLANG_WARN_BOOL_CONVERSION = YES;
				CLANG_WARN_COMMA = YES;
				CLANG_WARN_CONSTANT_CONVERSION = YES;
				CLANG_WARN_DEPRECATED_OBJC_IMPLEMENTATIONS = YES;
				CLANG_WARN_DIRECT_OBJC_ISA_USAGE = YES_ERROR;
				CLANG_WARN_DOCUMENTATION_COMMENTS = YES;
				CLANG_WARN_EMPTY_BODY = YES;
				CLANG_WARN_ENUM_CONVERSION = YES;
				CLANG_WARN_INFINITE_RECURSION = YES;
				CLANG_WARN_INT_CONVERSION = YES;
				CLANG_WARN_NON_LITERAL_NULL_CONVERSION = YES;
				CLANG_WARN_OBJC_IMPLICIT_RETAIN_SELF = YES;
				CLANG_WARN_OBJC_LITERAL_CONVERSION = YES;
				CLANG_WARN_OBJC_ROOT_CLASS = YES_ERROR;
				CLANG_WARN_QUOTED_INCLUDE_IN_FRAMEWORK_HEADER = YES;
				CLANG_WARN_RANGE_LOOP_ANALYSIS = YES;
				CLANG_WARN_STRICT_PROTOTYPES = YES;
				CLANG_WARN_SUSPICIOUS_MOVE = YES;
				CLANG_WARN_UNGUARDED_AVAILABILITY = YES_AGGRESSIVE;
				CLANG_WARN_UNREACHABLE_CODE = YES;
				CLANG_WARN__DUPLICATE_METHOD_MATCH = YES;
				COPY_PHASE_STRIP = NO;
				DEBUG_INFORMATION_FORMAT = dwarf;
				ENABLE_STRICT_OBJC_MSGSEND = YES;
				ENABLE_TESTABILITY = YES;
				GCC_C_LANGUAGE_STANDARD = gnu11;
				GCC_DYNAMIC_NO_PIC = NO;
				GCC_NO_COMMON_BLOCKS = YES;
				GCC_OPTIMIZATION_LEVEL = 0;
				GCC_PREPROCESSOR_DEFINITIONS = (
					"DEBUG=1",
					"$(inherited)",
				);
				GCC_WARN_64_TO_32_BIT_CONVERSION = YES;
				GCC_WARN_ABOUT_RETURN_TYPE = YES_ERROR;
				GCC_WARN_UNDECLARED_SELECTOR = YES;
				GCC_WARN_UNINITIALIZED_AUTOS = YES_AGGRESSIVE;
				GCC_WARN_UNUSED_FUNCTION = YES;
				GCC_WARN_UNUSED_VARIABLE = YES;
				IPHONEOS_DEPLOYMENT_TARGET = 15.0;
				MTL_ENABLE_DEBUG_INFO = INCLUDE_SOURCE;
				MTL_FAST_MATH = YES;
				ONLY_ACTIVE_ARCH = YES;
				SDKROOT = iphoneos;
				SWIFT_ACTIVE_COMPILATION_CONDITIONS = DEBUG;
				SWIFT_OPTIMIZATION_LEVEL = "-Onone";
			};
			name = Debug;
		};
		6A6514212702E76D0054752E /* Release */ = {
			isa = XCBuildConfiguration;
			buildSettings = {
				ALWAYS_SEARCH_USER_PATHS = NO;
				CLANG_ANALYZER_NONNULL = YES;
				CLANG_ANALYZER_NUMBER_OBJECT_CONVERSION = YES_AGGRESSIVE;
				CLANG_CXX_LANGUAGE_STANDARD = "gnu++17";
				CLANG_CXX_LIBRARY = "libc++";
				CLANG_ENABLE_MODULES = YES;
				CLANG_ENABLE_OBJC_ARC = YES;
				CLANG_ENABLE_OBJC_WEAK = YES;
				CLANG_WARN_BLOCK_CAPTURE_AUTORELEASING = YES;
				CLANG_WARN_BOOL_CONVERSION = YES;
				CLANG_WARN_COMMA = YES;
				CLANG_WARN_CONSTANT_CONVERSION = YES;
				CLANG_WARN_DEPRECATED_OBJC_IMPLEMENTATIONS = YES;
				CLANG_WARN_DIRECT_OBJC_ISA_USAGE = YES_ERROR;
				CLANG_WARN_DOCUMENTATION_COMMENTS = YES;
				CLANG_WARN_EMPTY_BODY = YES;
				CLANG_WARN_ENUM_CONVERSION = YES;
				CLANG_WARN_INFINITE_RECURSION = YES;
				CLANG_WARN_INT_CONVERSION = YES;
				CLANG_WARN_NON_LITERAL_NULL_CONVERSION = YES;
				CLANG_WARN_OBJC_IMPLICIT_RETAIN_SELF = YES;
				CLANG_WARN_OBJC_LITERAL_CONVERSION = YES;
				CLANG_WARN_OBJC_ROOT_CLASS = YES_ERROR;
				CLANG_WARN_QUOTED_INCLUDE_IN_FRAMEWORK_HEADER = YES;
				CLANG_WARN_RANGE_LOOP_ANALYSIS = YES;
				CLANG_WARN_STRICT_PROTOTYPES = YES;
				CLANG_WARN_SUSPICIOUS_MOVE = YES;
				CLANG_WARN_UNGUARDED_AVAILABILITY = YES_AGGRESSIVE;
				CLANG_WARN_UNREACHABLE_CODE = YES;
				CLANG_WARN__DUPLICATE_METHOD_MATCH = YES;
				COPY_PHASE_STRIP = NO;
				DEBUG_INFORMATION_FORMAT = "dwarf-with-dsym";
				ENABLE_NS_ASSERTIONS = NO;
				ENABLE_STRICT_OBJC_MSGSEND = YES;
				GCC_C_LANGUAGE_STANDARD = gnu11;
				GCC_NO_COMMON_BLOCKS = YES;
				GCC_WARN_64_TO_32_BIT_CONVERSION = YES;
				GCC_WARN_ABOUT_RETURN_TYPE = YES_ERROR;
				GCC_WARN_UNDECLARED_SELECTOR = YES;
				GCC_WARN_UNINITIALIZED_AUTOS = YES_AGGRESSIVE;
				GCC_WARN_UNUSED_FUNCTION = YES;
				GCC_WARN_UNUSED_VARIABLE = YES;
				IPHONEOS_DEPLOYMENT_TARGET = 15.0;
				MTL_ENABLE_DEBUG_INFO = NO;
				MTL_FAST_MATH = YES;
				SDKROOT = iphoneos;
				SWIFT_COMPILATION_MODE = wholemodule;
				SWIFT_OPTIMIZATION_LEVEL = "-O";
				VALIDATE_PRODUCT = YES;
			};
			name = Release;
		};
		6A6514232702E76D0054752E /* Debug */ = {
			isa = XCBuildConfiguration;
			buildSettings = {
				ASSETCATALOG_COMPILER_APPICON_NAME = AppIcon;
				ASSETCATALOG_COMPILER_GLOBAL_ACCENT_COLOR_NAME = AccentColor;
				CODE_SIGN_STYLE = Automatic;
				CURRENT_PROJECT_VERSION = 1;
				DEVELOPMENT_TEAM = K22GQFS8BW;
				GENERATE_INFOPLIST_FILE = YES;
				INFOPLIST_FILE = CollectionViewTest/Info.plist;
				INFOPLIST_KEY_UIApplicationSupportsIndirectInputEvents = YES;
				INFOPLIST_KEY_UILaunchStoryboardName = LaunchScreen;
				INFOPLIST_KEY_UIMainStoryboardFile = Main;
				INFOPLIST_KEY_UISupportedInterfaceOrientations_iPad = "UIInterfaceOrientationPortrait UIInterfaceOrientationPortraitUpsideDown UIInterfaceOrientationLandscapeLeft UIInterfaceOrientationLandscapeRight";
				INFOPLIST_KEY_UISupportedInterfaceOrientations_iPhone = "UIInterfaceOrientationPortrait UIInterfaceOrientationLandscapeLeft UIInterfaceOrientationLandscapeRight";
				IPHONEOS_DEPLOYMENT_TARGET = 14.0;
				LD_RUNPATH_SEARCH_PATHS = (
					"$(inherited)",
					"@executable_path/Frameworks",
				);
				MARKETING_VERSION = 1.0;
				PRODUCT_BUNDLE_IDENTIFIER = com.CollectionViewTest;
				PRODUCT_NAME = "$(TARGET_NAME)";
				SWIFT_EMIT_LOC_STRINGS = YES;
				SWIFT_VERSION = 5.0;
				TARGETED_DEVICE_FAMILY = "1,2";
			};
			name = Debug;
		};
		6A6514242702E76D0054752E /* Release */ = {
			isa = XCBuildConfiguration;
			buildSettings = {
				ASSETCATALOG_COMPILER_APPICON_NAME = AppIcon;
				ASSETCATALOG_COMPILER_GLOBAL_ACCENT_COLOR_NAME = AccentColor;
				CODE_SIGN_STYLE = Automatic;
				CURRENT_PROJECT_VERSION = 1;
				DEVELOPMENT_TEAM = K22GQFS8BW;
				GENERATE_INFOPLIST_FILE = YES;
				INFOPLIST_FILE = CollectionViewTest/Info.plist;
				INFOPLIST_KEY_UIApplicationSupportsIndirectInputEvents = YES;
				INFOPLIST_KEY_UILaunchStoryboardName = LaunchScreen;
				INFOPLIST_KEY_UIMainStoryboardFile = Main;
				INFOPLIST_KEY_UISupportedInterfaceOrientations_iPad = "UIInterfaceOrientationPortrait UIInterfaceOrientationPortraitUpsideDown UIInterfaceOrientationLandscapeLeft UIInterfaceOrientationLandscapeRight";
				INFOPLIST_KEY_UISupportedInterfaceOrientations_iPhone = "UIInterfaceOrientationPortrait UIInterfaceOrientationLandscapeLeft UIInterfaceOrientationLandscapeRight";
				IPHONEOS_DEPLOYMENT_TARGET = 14.0;
				LD_RUNPATH_SEARCH_PATHS = (
					"$(inherited)",
					"@executable_path/Frameworks",
				);
				MARKETING_VERSION = 1.0;
				PRODUCT_BUNDLE_IDENTIFIER = com.CollectionViewTest;
				PRODUCT_NAME = "$(TARGET_NAME)";
				SWIFT_EMIT_LOC_STRINGS = YES;
				SWIFT_VERSION = 5.0;
				TARGETED_DEVICE_FAMILY = "1,2";
			};
			name = Release;
		};
		6A6514262702E76D0054752E /* Debug */ = {
			isa = XCBuildConfiguration;
			buildSettings = {
				ALWAYS_EMBED_SWIFT_STANDARD_LIBRARIES = YES;
				BUNDLE_LOADER = "$(TEST_HOST)";
				CODE_SIGN_STYLE = Automatic;
				CURRENT_PROJECT_VERSION = 1;
				DEVELOPMENT_TEAM = K22GQFS8BW;
				GENERATE_INFOPLIST_FILE = YES;
				IPHONEOS_DEPLOYMENT_TARGET = 15.0;
				LD_RUNPATH_SEARCH_PATHS = (
					"$(inherited)",
					"@executable_path/Frameworks",
					"@loader_path/Frameworks",
				);
				MARKETING_VERSION = 1.0;
				PRODUCT_BUNDLE_IDENTIFIER = com.CollectionViewTestTests;
				PRODUCT_NAME = "$(TARGET_NAME)";
				SWIFT_EMIT_LOC_STRINGS = NO;
				SWIFT_VERSION = 5.0;
				TARGETED_DEVICE_FAMILY = "1,2";
				TEST_HOST = "$(BUILT_PRODUCTS_DIR)/CollectionViewTest.app/CollectionViewTest";
			};
			name = Debug;
		};
		6A6514272702E76D0054752E /* Release */ = {
			isa = XCBuildConfiguration;
			buildSettings = {
				ALWAYS_EMBED_SWIFT_STANDARD_LIBRARIES = YES;
				BUNDLE_LOADER = "$(TEST_HOST)";
				CODE_SIGN_STYLE = Automatic;
				CURRENT_PROJECT_VERSION = 1;
				DEVELOPMENT_TEAM = K22GQFS8BW;
				GENERATE_INFOPLIST_FILE = YES;
				IPHONEOS_DEPLOYMENT_TARGET = 15.0;
				LD_RUNPATH_SEARCH_PATHS = (
					"$(inherited)",
					"@executable_path/Frameworks",
					"@loader_path/Frameworks",
				);
				MARKETING_VERSION = 1.0;
				PRODUCT_BUNDLE_IDENTIFIER = com.CollectionViewTestTests;
				PRODUCT_NAME = "$(TARGET_NAME)";
				SWIFT_EMIT_LOC_STRINGS = NO;
				SWIFT_VERSION = 5.0;
				TARGETED_DEVICE_FAMILY = "1,2";
				TEST_HOST = "$(BUILT_PRODUCTS_DIR)/CollectionViewTest.app/CollectionViewTest";
			};
			name = Release;
		};
		6A6514292702E76D0054752E /* Debug */ = {
			isa = XCBuildConfiguration;
			buildSettings = {
				ALWAYS_EMBED_SWIFT_STANDARD_LIBRARIES = YES;
				CODE_SIGN_STYLE = Automatic;
				CURRENT_PROJECT_VERSION = 1;
				DEVELOPMENT_TEAM = K22GQFS8BW;
				GENERATE_INFOPLIST_FILE = YES;
				LD_RUNPATH_SEARCH_PATHS = (
					"$(inherited)",
					"@executable_path/Frameworks",
					"@loader_path/Frameworks",
				);
				MARKETING_VERSION = 1.0;
				PRODUCT_BUNDLE_IDENTIFIER = com.CollectionViewTestUITests;
				PRODUCT_NAME = "$(TARGET_NAME)";
				SWIFT_EMIT_LOC_STRINGS = NO;
				SWIFT_VERSION = 5.0;
				TARGETED_DEVICE_FAMILY = "1,2";
				TEST_TARGET_NAME = CollectionViewTest;
			};
			name = Debug;
		};
		6A65142A2702E76D0054752E /* Release */ = {
			isa = XCBuildConfiguration;
			buildSettings = {
				ALWAYS_EMBED_SWIFT_STANDARD_LIBRARIES = YES;
				CODE_SIGN_STYLE = Automatic;
				CURRENT_PROJECT_VERSION = 1;
				DEVELOPMENT_TEAM = K22GQFS8BW;
				GENERATE_INFOPLIST_FILE = YES;
				LD_RUNPATH_SEARCH_PATHS = (
					"$(inherited)",
					"@executable_path/Frameworks",
					"@loader_path/Frameworks",
				);
				MARKETING_VERSION = 1.0;
				PRODUCT_BUNDLE_IDENTIFIER = com.CollectionViewTestUITests;
				PRODUCT_NAME = "$(TARGET_NAME)";
				SWIFT_EMIT_LOC_STRINGS = NO;
				SWIFT_VERSION = 5.0;
				TARGETED_DEVICE_FAMILY = "1,2";
				TEST_TARGET_NAME = CollectionViewTest;
			};
			name = Release;
		};
/* End XCBuildConfiguration section */

/* Begin XCConfigurationList section */
		6A6513F02702E7620054752E /* Build configuration list for PBXProject "CollectionViewTest" */ = {
			isa = XCConfigurationList;
			buildConfigurations = (
				6A6514202702E76D0054752E /* Debug */,
				6A6514212702E76D0054752E /* Release */,
			);
			defaultConfigurationIsVisible = 0;
			defaultConfigurationName = Release;
		};
		6A6514222702E76D0054752E /* Build configuration list for PBXNativeTarget "CollectionViewTest" */ = {
			isa = XCConfigurationList;
			buildConfigurations = (
				6A6514232702E76D0054752E /* Debug */,
				6A6514242702E76D0054752E /* Release */,
			);
			defaultConfigurationIsVisible = 0;
			defaultConfigurationName = Release;
		};
		6A6514252702E76D0054752E /* Build configuration list for PBXNativeTarget "CollectionViewTestTests" */ = {
			isa = XCConfigurationList;
			buildConfigurations = (
				6A6514262702E76D0054752E /* Debug */,
				6A6514272702E76D0054752E /* Release */,
			);
			defaultConfigurationIsVisible = 0;
			defaultConfigurationName = Release;
		};
		6A6514282702E76D0054752E /* Build configuration list for PBXNativeTarget "CollectionViewTestUITests" */ = {
			isa = XCConfigurationList;
			buildConfigurations = (
				6A6514292702E76D0054752E /* Debug */,
				6A65142A2702E76D0054752E /* Release */,
			);
			defaultConfigurationIsVisible = 0;
			defaultConfigurationName = Release;
		};
/* End XCConfigurationList section */

/* Begin XCVersionGroup section */
		6A6514012702E7620054752E /* CollectionViewTest.xcdatamodeld */ = {
			isa = XCVersionGroup;
			children = (
				6A6514022702E7620054752E /* CollectionViewTest.xcdatamodel */,
			);
			currentVersion = 6A6514022702E7620054752E /* CollectionViewTest.xcdatamodel */;
			path = CollectionViewTest.xcdatamodeld;
			sourceTree = "<group>";
			versionGroupType = wrapper.xcdatamodel;
		};
/* End XCVersionGroup section */
	};
	rootObject = 6A6513ED2702E7620054752E /* Project object */;
}
